{
  "name": "algorithms",
  "version": "1.0.0",
  "lockfileVersion": 2,
  "requires": true,
  "packages": {
    "": {
      "name": "algorithms",
      "version": "1.0.0",
      "license": "ISC",
      "dependencies": {
        "avl-tree-js": "^0.0.8"
      }
    },
    "node_modules/avl-tree-js": {
      "version": "0.0.8",
      "resolved": "https://registry.npmjs.org/avl-tree-js/-/avl-tree-js-0.0.8.tgz",
      "integrity": "sha512-CoBL6O4KV7zQICK1Uum027s4mp58Oma0LajgWlPvbtlIdKz07ItoNNmbSSrV/MsB15gKyGv+CFs9H7plbaTfjw==",
      "dependencies": {
        "underscore": "^1.8.3"
      }
    },
    "node_modules/underscore": {
      "version": "1.13.6",
      "resolved": "https://registry.npmjs.org/underscore/-/underscore-1.13.6.tgz",
      "integrity": "sha512-+A5Sja4HP1M08MaXya7p5LvjuM7K6q/2EaC0+iovj/wOcMsTzMvDFbasi/oSapiwOlt252IqsKqPjCl7huKS0A=="
    }
  },
  "dependencies": {
    "avl-tree-js": {
      "version": "0.0.8",
      "resolved": "https://registry.npmjs.org/avl-tree-js/-/avl-tree-js-0.0.8.tgz",
      "integrity": "sha512-CoBL6O4KV7zQICK1Uum027s4mp58Oma0LajgWlPvbtlIdKz07ItoNNmbSSrV/MsB15gKyGv+CFs9H7plbaTfjw==",
      "requires": {
        "underscore": "^1.8.3"
      }
    },
    "underscore": {
      "version": "1.13.6",
      "resolved": "https://registry.npmjs.org/underscore/-/underscore-1.13.6.tgz",
      "integrity": "sha512-+A5Sja4HP1M08MaXya7p5LvjuM7K6q/2EaC0+iovj/wOcMsTzMvDFbasi/oSapiwOlt252IqsKqPjCl7huKS0A=="
    }
  }
}
